hash: d1b20c07232eba609de4f2e66ccc7789c166347274d029e6808f27fee698bc1a
updated: 2017-05-16T21:28:06.481445838-07:00
imports:
- name: github.com/gedex/inflector
  version: 16278e9db8130ac7ec405dc174cfb94344f16325
- name: github.com/lib/pq
  version: 55196ec83d60d789e27b2627549bf00974a70084
  subpackages:
  - oid
- name: github.com/sirupsen/logrus
  version: ba1b36c82c5e05c4f912a88eab0dcd91a171688f
  repo: git@github.com:sirupsen/logrus.git
- name: golang.org/x/sys
  version: a646d33e2ee3172a661fc09bca23bb4889a41bc8
  subpackages:
  - unix
testImports: []
