hash: cfc4947259cc81229cb2b7b9e8804762becb02d4192951c28ead2368c31c2b12
updated: 2017-04-06T17:10:25.387809692-07:00
imports:
- name: github.com/lib/pq
  version: 55196ec83d60d789e27b2627549bf00974a70084
  subpackages:
  - oid
- name: github.com/sirupsen/logrus
  version: ba1b36c82c5e05c4f912a88eab0dcd91a171688f
  repo: git@github.com:sirupsen/logrus.git
- name: golang.org/x/sys
  version: a646d33e2ee3172a661fc09bca23bb4889a41bc8
  subpackages:
  - unix
testImports: []
